{
  "originHash" : "a2d27d586c39005cc320b27624499d40b8e412b22ce1833fa7fcae57d420d28b",
  "pins" : [
    {
      "identity" : "alamofire",
      "kind" : "remoteSourceControl",
      "location" : "https://github.com/Alamofire/Alamofire.git",
      "state" : {
        "revision" : "513364f870f6bfc468f9d2ff0a95caccc10044c5",
        "version" : "5.10.2"
      }
    },
    {
      "identity" : "defaults",
      "kind" : "remoteSourceControl",
      "location" : "https://github.com/sindresorhus/Defaults",
      "state" : {
        "revision" : "38925e3cfacf3fb89a81a35b1cd44fd5a5b7e0fa",
        "version" : "8.2.0"
      }
    },
    {
      "identity" : "launchatlogin-modern",
      "kind" : "remoteSourceControl",
      "location" : "https://github.com/sindresorhus/LaunchAtLogin-Modern",
      "state" : {
        "revision" : "a04ec1c363be3627734f6dad757d82f5d4fa8fcc",
        "version" : "1.1.0"
      }
    },
    {
      "identity" : "sparkle",
      "kind" : "remoteSourceControl",
      "location" : "https://github.com/sparkle-project/Sparkle",
      "state" : {
        "revision" : "0ca3004e98712ea2b39dd881d28448630cce1c99",
        "version" : "2.7.0"
      }
    },
    {
      "identity" : "swiftybeaver",
      "kind" : "remoteSourceControl",
      "location" : "https://github.com/SwiftyBeaver/SwiftyBeaver.git",
      "state" : {
        "revision" : "8cba041db09596183331d123f337d0eb2e6e8e91",
        "version" : "2.1.1"
      }
    },
    {
      "identity" : "vortex",
      "kind" : "remoteSourceControl",
      "location" : "https://github.com/twostraws/Vortex",
      "state" : {
        "revision" : "26e036c4f04efcc019c95d43bfeffeaefbef3c99",
        "version" : "1.0.3"
      }
    }
  ],
  "version" : 3
}
